
Microsoft Visual Studio Solution File, Format Version 12.00
# Visual Studio Version 17
VisualStudioVersion = 17.9.34701.34
MinimumVisualStudioVersion = 10.0.40219.1
Project("{9A19103F-16F7-4668-BE54-9A1E7A4F7556}") = "Borkfolio.Domain", "Borkfolio.Domain\Borkfolio.Domain.csproj", "{8C6C1625-A48F-4FCA-8C1E-17176D2539EB}"
EndProject
Project("{2150E333-8FDC-42A3-9474-1A3956D46DE8}") = "src", "src", "{9BB499D4-7105-471E-8D20-2DC7A296A0F5}"
EndProject
Project("{2150E333-8FDC-42A3-9474-1A3956D46DE8}") = "test", "test", "{403C7B92-B6CA-4A7A-802E-5E243C9E0A56}"
EndProject
Project("{2150E333-8FDC-42A3-9474-1A3956D46DE8}") = "Core", "Core", "{BD0482AA-59EF-4C50-ABE8-66BBA4218727}"
EndProject
Project("{2150E333-8FDC-42A3-9474-1A3956D46DE8}") = "Infrastructure", "Infrastructure", "{056FCEBC-1DE0-4F7E-B93E-1829BB9DF39E}"
EndProject
Project("{9A19103F-16F7-4668-BE54-9A1E7A4F7556}") = "Borkfolio.Persistence", "Borkfolio.Persistence\Borkfolio.Persistence.csproj", "{FA2E1539-F698-4061-B789-4096A1580306}"
EndProject
Project("{9A19103F-16F7-4668-BE54-9A1E7A4F7556}") = "Borkfolio.Application", "Borkfolio.Application\Borkfolio.Application.csproj", "{653F7047-6527-4B4D-852D-CFE862F4C17B}"
EndProject
Project("{2150E333-8FDC-42A3-9474-1A3956D46DE8}") = "API", "API", "{1232AA2C-B4D5-4DF4-A286-9727693C058A}"
EndProject
Project("{9A19103F-16F7-4668-BE54-9A1E7A4F7556}") = "Borkfolio.Api", "Borkfolio.Api\Borkfolio.Api.csproj", "{130F8DAD-5948-4BB9-921A-FBF145A2EAAF}"
EndProject
Project("{FAE04EC0-301F-11D3-BF4B-00C04F79EFBC}") = "Borkfolio.Infrastructure", "Borkfolio.Infrastructure\Borkfolio.Infrastructure.csproj", "{5850FB2F-D86B-45EA-922E-B45287AE4E7D}"
EndProject
Global
	GlobalSection(SolutionConfigurationPlatforms) = preSolution
		Debug|Any CPU = Debug|Any CPU
		Release|Any CPU = Release|Any CPU
	EndGlobalSection
	GlobalSection(ProjectConfigurationPlatforms) = postSolution
		{8C6C1625-A48F-4FCA-8C1E-17176D2539EB}.Debug|Any CPU.ActiveCfg = Debug|Any CPU
		{8C6C1625-A48F-4FCA-8C1E-17176D2539EB}.Debug|Any CPU.Build.0 = Debug|Any CPU
		{8C6C1625-A48F-4FCA-8C1E-17176D2539EB}.Release|Any CPU.ActiveCfg = Release|Any CPU
		{8C6C1625-A48F-4FCA-8C1E-17176D2539EB}.Release|Any CPU.Build.0 = Release|Any CPU
		{FA2E1539-F698-4061-B789-4096A1580306}.Debug|Any CPU.ActiveCfg = Debug|Any CPU
		{FA2E1539-F698-4061-B789-4096A1580306}.Debug|Any CPU.Build.0 = Debug|Any CPU
		{FA2E1539-F698-4061-B789-4096A1580306}.Release|Any CPU.ActiveCfg = Release|Any CPU
		{FA2E1539-F698-4061-B789-4096A1580306}.Release|Any CPU.Build.0 = Release|Any CPU
		{653F7047-6527-4B4D-852D-CFE862F4C17B}.Debug|Any CPU.ActiveCfg = Debug|Any CPU
		{653F7047-6527-4B4D-852D-CFE862F4C17B}.Debug|Any CPU.Build.0 = Debug|Any CPU
		{653F7047-6527-4B4D-852D-CFE862F4C17B}.Release|Any CPU.ActiveCfg = Release|Any CPU
		{653F7047-6527-4B4D-852D-CFE862F4C17B}.Release|Any CPU.Build.0 = Release|Any CPU
		{130F8DAD-5948-4BB9-921A-FBF145A2EAAF}.Debug|Any CPU.ActiveCfg = Debug|Any CPU
		{130F8DAD-5948-4BB9-921A-FBF145A2EAAF}.Debug|Any CPU.Build.0 = Debug|Any CPU
		{130F8DAD-5948-4BB9-921A-FBF145A2EAAF}.Release|Any CPU.ActiveCfg = Release|Any CPU
		{130F8DAD-5948-4BB9-921A-FBF145A2EAAF}.Release|Any CPU.Build.0 = Release|Any CPU
		{5850FB2F-D86B-45EA-922E-B45287AE4E7D}.Debug|Any CPU.ActiveCfg = Debug|Any CPU
		{5850FB2F-D86B-45EA-922E-B45287AE4E7D}.Debug|Any CPU.Build.0 = Debug|Any CPU
		{5850FB2F-D86B-45EA-922E-B45287AE4E7D}.Release|Any CPU.ActiveCfg = Release|Any CPU
		{5850FB2F-D86B-45EA-922E-B45287AE4E7D}.Release|Any CPU.Build.0 = Release|Any CPU
	EndGlobalSection
	GlobalSection(SolutionProperties) = preSolution
		HideSolutionNode = FALSE
	EndGlobalSection
	GlobalSection(NestedProjects) = preSolution
		{8C6C1625-A48F-4FCA-8C1E-17176D2539EB} = {BD0482AA-59EF-4C50-ABE8-66BBA4218727}
		{BD0482AA-59EF-4C50-ABE8-66BBA4218727} = {9BB499D4-7105-471E-8D20-2DC7A296A0F5}
		{056FCEBC-1DE0-4F7E-B93E-1829BB9DF39E} = {9BB499D4-7105-471E-8D20-2DC7A296A0F5}
		{FA2E1539-F698-4061-B789-4096A1580306} = {056FCEBC-1DE0-4F7E-B93E-1829BB9DF39E}
		{653F7047-6527-4B4D-852D-CFE862F4C17B} = {BD0482AA-59EF-4C50-ABE8-66BBA4218727}
		{1232AA2C-B4D5-4DF4-A286-9727693C058A} = {9BB499D4-7105-471E-8D20-2DC7A296A0F5}
		{130F8DAD-5948-4BB9-921A-FBF145A2EAAF} = {1232AA2C-B4D5-4DF4-A286-9727693C058A}
		{5850FB2F-D86B-45EA-922E-B45287AE4E7D} = {056FCEBC-1DE0-4F7E-B93E-1829BB9DF39E}
	EndGlobalSection
	GlobalSection(ExtensibilityGlobals) = postSolution
		SolutionGuid = {0C5088DE-3D5C-4079-8061-500CAB197AFF}
	EndGlobalSection
EndGlobal
